
Microsoft Visual Studio Solution File, Format Version 12.00
# Visual Studio 2013
VisualStudioVersion = 12.0.21005.1
MinimumVisualStudioVersion = 10.0.40219.1
Project("{FAE04EC0-301F-11D3-BF4B-00C04F79EFBC}") = "GettingStartedWithWCF", "GettingStartedWithWCF\GettingStartedWithWCF.csproj", "{4EF31D2E-C843-43F6-BFB1-7546843FB03C}"
EndProject
Project("{FAE04EC0-301F-11D3-BF4B-00C04F79EFBC}") = "Client", "Client\Client.csproj", "{2D21B84F-C479-4D87-A9C4-B51714973743}"
	ProjectSection(ProjectDependencies) = postProject
		{4EF31D2E-C843-43F6-BFB1-7546843FB03C} = {4EF31D2E-C843-43F6-BFB1-7546843FB03C}
	EndProjectSection
EndProject
Project("{FAE04EC0-301F-11D3-BF4B-00C04F79EFBC}") = "Homework", "Homework\Homework.csproj", "{89A28315-010F-4A62-AB40-F24853A6338A}"
EndProject
Global
	GlobalSection(SolutionConfigurationPlatforms) = preSolution
		Debug|Any CPU = Debug|Any CPU
		Debug|Mixed Platforms = Debug|Mixed Platforms
		Debug|x86 = Debug|x86
		Release|Any CPU = Release|Any CPU
		Release|Mixed Platforms = Release|Mixed Platforms
		Release|x86 = Release|x86
	EndGlobalSection
	GlobalSection(ProjectConfigurationPlatforms) = postSolution
		{4EF31D2E-C843-43F6-BFB1-7546843FB03C}.Debug|Any CPU.ActiveCfg = Debug|Any CPU
		{4EF31D2E-C843-43F6-BFB1-7546843FB03C}.Debug|Any CPU.Build.0 = Debug|Any CPU
		{4EF31D2E-C843-43F6-BFB1-7546843FB03C}.Debug|Mixed Platforms.ActiveCfg = Debug|Any CPU
		{4EF31D2E-C843-43F6-BFB1-7546843FB03C}.Debug|Mixed Platforms.Build.0 = Debug|Any CPU
		{4EF31D2E-C843-43F6-BFB1-7546843FB03C}.Debug|x86.ActiveCfg = Debug|Any CPU
		{4EF31D2E-C843-43F6-BFB1-7546843FB03C}.Release|Any CPU.ActiveCfg = Release|Any CPU
		{4EF31D2E-C843-43F6-BFB1-7546843FB03C}.Release|Any CPU.Build.0 = Release|Any CPU
		{4EF31D2E-C843-43F6-BFB1-7546843FB03C}.Release|Mixed Platforms.ActiveCfg = Release|Any CPU
		{4EF31D2E-C843-43F6-BFB1-7546843FB03C}.Release|Mixed Platforms.Build.0 = Release|Any CPU
		{4EF31D2E-C843-43F6-BFB1-7546843FB03C}.Release|x86.ActiveCfg = Release|Any CPU
		{2D21B84F-C479-4D87-A9C4-B51714973743}.Debug|Any CPU.ActiveCfg = Debug|x86
		{2D21B84F-C479-4D87-A9C4-B51714973743}.Debug|Mixed Platforms.ActiveCfg = Debug|x86
		{2D21B84F-C479-4D87-A9C4-B51714973743}.Debug|Mixed Platforms.Build.0 = Debug|x86
		{2D21B84F-C479-4D87-A9C4-B51714973743}.Debug|x86.ActiveCfg = Debug|x86
		{2D21B84F-C479-4D87-A9C4-B51714973743}.Debug|x86.Build.0 = Debug|x86
		{2D21B84F-C479-4D87-A9C4-B51714973743}.Release|Any CPU.ActiveCfg = Release|x86
		{2D21B84F-C479-4D87-A9C4-B51714973743}.Release|Mixed Platforms.ActiveCfg = Release|x86
		{2D21B84F-C479-4D87-A9C4-B51714973743}.Release|Mixed Platforms.Build.0 = Release|x86
		{2D21B84F-C479-4D87-A9C4-B51714973743}.Release|x86.ActiveCfg = Release|x86
		{2D21B84F-C479-4D87-A9C4-B51714973743}.Release|x86.Build.0 = Release|x86
		{89A28315-010F-4A62-AB40-F24853A6338A}.Debug|Any CPU.ActiveCfg = Debug|Any CPU
		{89A28315-010F-4A62-AB40-F24853A6338A}.Debug|Any CPU.Build.0 = Debug|Any CPU
		{89A28315-010F-4A62-AB40-F24853A6338A}.Debug|Mixed Platforms.ActiveCfg = Debug|Any CPU
		{89A28315-010F-4A62-AB40-F24853A6338A}.Debug|Mixed Platforms.Build.0 = Debug|Any CPU
		{89A28315-010F-4A62-AB40-F24853A6338A}.Debug|x86.ActiveCfg = Debug|Any CPU
		{89A28315-010F-4A62-AB40-F24853A6338A}.Release|Any CPU.ActiveCfg = Release|Any CPU
		{89A28315-010F-4A62-AB40-F24853A6338A}.Release|Any CPU.Build.0 = Release|Any CPU
		{89A28315-010F-4A62-AB40-F24853A6338A}.Release|Mixed Platforms.ActiveCfg = Release|Any CPU
		{89A28315-010F-4A62-AB40-F24853A6338A}.Release|Mixed Platforms.Build.0 = Release|Any CPU
		{89A28315-010F-4A62-AB40-F24853A6338A}.Release|x86.ActiveCfg = Release|Any CPU
	EndGlobalSection
	GlobalSection(SolutionProperties) = preSolution
		HideSolutionNode = FALSE
	EndGlobalSection
EndGlobal
