
Microsoft Visual Studio Solution File, Format Version 11.00
# Visual Studio 2010
Project("{FAE04EC0-301F-11D3-BF4B-00C04F79EFBC}") = "ServiceCalculator", "ServiceCalculator\ServiceCalculator.csproj", "{FE170C6D-93C6-41F0-B2F2-5E1BD82784DD}"
EndProject
Project("{FAE04EC0-301F-11D3-BF4B-00C04F79EFBC}") = "Entities", "Entities\Entities.csproj", "{89EB4D58-FBA0-49BD-94BF-12BE03BC99BC}"
EndProject
Project("{FAE04EC0-301F-11D3-BF4B-00C04F79EFBC}") = "ServiceCalculatorHost", "ServiceCalculatorHost\ServiceCalculatorHost.csproj", "{3FA89F98-9020-4AC5-945B-2501FAF3BFCE}"
EndProject
Project("{FAE04EC0-301F-11D3-BF4B-00C04F79EFBC}") = "Client", "Client\Client.csproj", "{4B72B656-7261-4CD7-A419-46D10B961098}"
EndProject
Project("{FAE04EC0-301F-11D3-BF4B-00C04F79EFBC}") = "RuntimeClient", "RuntimeClient\RuntimeClient.csproj", "{C3525197-C587-4560-88F8-D21BFCECBBE0}"
EndProject
Project("{FAE04EC0-301F-11D3-BF4B-00C04F79EFBC}") = "DefaultEnpoints", "DefaultEnpoints\DefaultEnpoints.csproj", "{127BBF33-7C19-4518-BA0E-7182AB3CED5D}"
EndProject
Project("{FAE04EC0-301F-11D3-BF4B-00C04F79EFBC}") = "WCFWeb", "WCFWeb\WCFWeb.csproj", "{13AADC41-DC21-47DF-8E1F-5340EADBCA10}"
EndProject
Global
	GlobalSection(SolutionConfigurationPlatforms) = preSolution
		Debug|Any CPU = Debug|Any CPU
		Debug|Mixed Platforms = Debug|Mixed Platforms
		Debug|x86 = Debug|x86
		Release|Any CPU = Release|Any CPU
		Release|Mixed Platforms = Release|Mixed Platforms
		Release|x86 = Release|x86
	EndGlobalSection
	GlobalSection(ProjectConfigurationPlatforms) = postSolution
		{FE170C6D-93C6-41F0-B2F2-5E1BD82784DD}.Debug|Any CPU.ActiveCfg = Debug|Any CPU
		{FE170C6D-93C6-41F0-B2F2-5E1BD82784DD}.Debug|Any CPU.Build.0 = Debug|Any CPU
		{FE170C6D-93C6-41F0-B2F2-5E1BD82784DD}.Debug|Mixed Platforms.ActiveCfg = Debug|Any CPU
		{FE170C6D-93C6-41F0-B2F2-5E1BD82784DD}.Debug|Mixed Platforms.Build.0 = Debug|Any CPU
		{FE170C6D-93C6-41F0-B2F2-5E1BD82784DD}.Debug|x86.ActiveCfg = Debug|Any CPU
		{FE170C6D-93C6-41F0-B2F2-5E1BD82784DD}.Release|Any CPU.ActiveCfg = Release|Any CPU
		{FE170C6D-93C6-41F0-B2F2-5E1BD82784DD}.Release|Any CPU.Build.0 = Release|Any CPU
		{FE170C6D-93C6-41F0-B2F2-5E1BD82784DD}.Release|Mixed Platforms.ActiveCfg = Release|Any CPU
		{FE170C6D-93C6-41F0-B2F2-5E1BD82784DD}.Release|Mixed Platforms.Build.0 = Release|Any CPU
		{FE170C6D-93C6-41F0-B2F2-5E1BD82784DD}.Release|x86.ActiveCfg = Release|Any CPU
		{89EB4D58-FBA0-49BD-94BF-12BE03BC99BC}.Debug|Any CPU.ActiveCfg = Debug|Any CPU
		{89EB4D58-FBA0-49BD-94BF-12BE03BC99BC}.Debug|Any CPU.Build.0 = Debug|Any CPU
		{89EB4D58-FBA0-49BD-94BF-12BE03BC99BC}.Debug|Mixed Platforms.ActiveCfg = Debug|Any CPU
		{89EB4D58-FBA0-49BD-94BF-12BE03BC99BC}.Debug|Mixed Platforms.Build.0 = Debug|Any CPU
		{89EB4D58-FBA0-49BD-94BF-12BE03BC99BC}.Debug|x86.ActiveCfg = Debug|Any CPU
		{89EB4D58-FBA0-49BD-94BF-12BE03BC99BC}.Release|Any CPU.ActiveCfg = Release|Any CPU
		{89EB4D58-FBA0-49BD-94BF-12BE03BC99BC}.Release|Any CPU.Build.0 = Release|Any CPU
		{89EB4D58-FBA0-49BD-94BF-12BE03BC99BC}.Release|Mixed Platforms.ActiveCfg = Release|Any CPU
		{89EB4D58-FBA0-49BD-94BF-12BE03BC99BC}.Release|Mixed Platforms.Build.0 = Release|Any CPU
		{89EB4D58-FBA0-49BD-94BF-12BE03BC99BC}.Release|x86.ActiveCfg = Release|Any CPU
		{3FA89F98-9020-4AC5-945B-2501FAF3BFCE}.Debug|Any CPU.ActiveCfg = Debug|x86
		{3FA89F98-9020-4AC5-945B-2501FAF3BFCE}.Debug|Mixed Platforms.ActiveCfg = Debug|x86
		{3FA89F98-9020-4AC5-945B-2501FAF3BFCE}.Debug|Mixed Platforms.Build.0 = Debug|x86
		{3FA89F98-9020-4AC5-945B-2501FAF3BFCE}.Debug|x86.ActiveCfg = Debug|x86
		{3FA89F98-9020-4AC5-945B-2501FAF3BFCE}.Debug|x86.Build.0 = Debug|x86
		{3FA89F98-9020-4AC5-945B-2501FAF3BFCE}.Release|Any CPU.ActiveCfg = Release|x86
		{3FA89F98-9020-4AC5-945B-2501FAF3BFCE}.Release|Mixed Platforms.ActiveCfg = Release|x86
		{3FA89F98-9020-4AC5-945B-2501FAF3BFCE}.Release|Mixed Platforms.Build.0 = Release|x86
		{3FA89F98-9020-4AC5-945B-2501FAF3BFCE}.Release|x86.ActiveCfg = Release|x86
		{3FA89F98-9020-4AC5-945B-2501FAF3BFCE}.Release|x86.Build.0 = Release|x86
		{4B72B656-7261-4CD7-A419-46D10B961098}.Debug|Any CPU.ActiveCfg = Debug|x86
		{4B72B656-7261-4CD7-A419-46D10B961098}.Debug|Mixed Platforms.ActiveCfg = Debug|x86
		{4B72B656-7261-4CD7-A419-46D10B961098}.Debug|Mixed Platforms.Build.0 = Debug|x86
		{4B72B656-7261-4CD7-A419-46D10B961098}.Debug|x86.ActiveCfg = Debug|x86
		{4B72B656-7261-4CD7-A419-46D10B961098}.Debug|x86.Build.0 = Debug|x86
		{4B72B656-7261-4CD7-A419-46D10B961098}.Release|Any CPU.ActiveCfg = Release|x86
		{4B72B656-7261-4CD7-A419-46D10B961098}.Release|Mixed Platforms.ActiveCfg = Release|x86
		{4B72B656-7261-4CD7-A419-46D10B961098}.Release|Mixed Platforms.Build.0 = Release|x86
		{4B72B656-7261-4CD7-A419-46D10B961098}.Release|x86.ActiveCfg = Release|x86
		{4B72B656-7261-4CD7-A419-46D10B961098}.Release|x86.Build.0 = Release|x86
		{C3525197-C587-4560-88F8-D21BFCECBBE0}.Debug|Any CPU.ActiveCfg = Debug|x86
		{C3525197-C587-4560-88F8-D21BFCECBBE0}.Debug|Mixed Platforms.ActiveCfg = Debug|x86
		{C3525197-C587-4560-88F8-D21BFCECBBE0}.Debug|Mixed Platforms.Build.0 = Debug|x86
		{C3525197-C587-4560-88F8-D21BFCECBBE0}.Debug|x86.ActiveCfg = Debug|x86
		{C3525197-C587-4560-88F8-D21BFCECBBE0}.Debug|x86.Build.0 = Debug|x86
		{C3525197-C587-4560-88F8-D21BFCECBBE0}.Release|Any CPU.ActiveCfg = Release|x86
		{C3525197-C587-4560-88F8-D21BFCECBBE0}.Release|Mixed Platforms.ActiveCfg = Release|x86
		{C3525197-C587-4560-88F8-D21BFCECBBE0}.Release|Mixed Platforms.Build.0 = Release|x86
		{C3525197-C587-4560-88F8-D21BFCECBBE0}.Release|x86.ActiveCfg = Release|x86
		{C3525197-C587-4560-88F8-D21BFCECBBE0}.Release|x86.Build.0 = Release|x86
		{127BBF33-7C19-4518-BA0E-7182AB3CED5D}.Debug|Any CPU.ActiveCfg = Debug|x86
		{127BBF33-7C19-4518-BA0E-7182AB3CED5D}.Debug|Mixed Platforms.ActiveCfg = Debug|x86
		{127BBF33-7C19-4518-BA0E-7182AB3CED5D}.Debug|Mixed Platforms.Build.0 = Debug|x86
		{127BBF33-7C19-4518-BA0E-7182AB3CED5D}.Debug|x86.ActiveCfg = Debug|x86
		{127BBF33-7C19-4518-BA0E-7182AB3CED5D}.Debug|x86.Build.0 = Debug|x86
		{127BBF33-7C19-4518-BA0E-7182AB3CED5D}.Release|Any CPU.ActiveCfg = Release|x86
		{127BBF33-7C19-4518-BA0E-7182AB3CED5D}.Release|Mixed Platforms.ActiveCfg = Release|x86
		{127BBF33-7C19-4518-BA0E-7182AB3CED5D}.Release|Mixed Platforms.Build.0 = Release|x86
		{127BBF33-7C19-4518-BA0E-7182AB3CED5D}.Release|x86.ActiveCfg = Release|x86
		{127BBF33-7C19-4518-BA0E-7182AB3CED5D}.Release|x86.Build.0 = Release|x86
		{13AADC41-DC21-47DF-8E1F-5340EADBCA10}.Debug|Any CPU.ActiveCfg = Debug|Any CPU
		{13AADC41-DC21-47DF-8E1F-5340EADBCA10}.Debug|Any CPU.Build.0 = Debug|Any CPU
		{13AADC41-DC21-47DF-8E1F-5340EADBCA10}.Debug|Mixed Platforms.ActiveCfg = Debug|Any CPU
		{13AADC41-DC21-47DF-8E1F-5340EADBCA10}.Debug|Mixed Platforms.Build.0 = Debug|Any CPU
		{13AADC41-DC21-47DF-8E1F-5340EADBCA10}.Debug|x86.ActiveCfg = Debug|Any CPU
		{13AADC41-DC21-47DF-8E1F-5340EADBCA10}.Release|Any CPU.ActiveCfg = Release|Any CPU
		{13AADC41-DC21-47DF-8E1F-5340EADBCA10}.Release|Any CPU.Build.0 = Release|Any CPU
		{13AADC41-DC21-47DF-8E1F-5340EADBCA10}.Release|Mixed Platforms.ActiveCfg = Release|Any CPU
		{13AADC41-DC21-47DF-8E1F-5340EADBCA10}.Release|Mixed Platforms.Build.0 = Release|Any CPU
		{13AADC41-DC21-47DF-8E1F-5340EADBCA10}.Release|x86.ActiveCfg = Release|Any CPU
	EndGlobalSection
	GlobalSection(SolutionProperties) = preSolution
		HideSolutionNode = FALSE
	EndGlobalSection
EndGlobal
